
Microsoft Visual Studio Solution File, Format Version 12.00
# Visual Studio Version 17
VisualStudioVersion = 17.9.34310.174
MinimumVisualStudioVersion = 10.0.40219.1
Project("{2150E333-8FDC-42A3-9474-1A3956D46DE8}") = "Core", "Core", "{1D37FB1B-7D2E-4CD0-9D4C-85992F02A060}"
EndProject
Project("{FAE04EC0-301F-11D3-BF4B-00C04F79EFBC}") = "UdemyCarBook.Domain", "Core\UdemyCarBook.Domain\UdemyCarBook.Domain.csproj", "{49DA62AB-0CED-4EBA-85EA-EF9886F48811}"
EndProject
Global
	GlobalSection(SolutionConfigurationPlatforms) = preSolution
		Debug|Any CPU = Debug|Any CPU
		Release|Any CPU = Release|Any CPU
	EndGlobalSection
	GlobalSection(ProjectConfigurationPlatforms) = postSolution
		{49DA62AB-0CED-4EBA-85EA-EF9886F48811}.Debug|Any CPU.ActiveCfg = Debug|Any CPU
		{49DA62AB-0CED-4EBA-85EA-EF9886F48811}.Debug|Any CPU.Build.0 = Debug|Any CPU
		{49DA62AB-0CED-4EBA-85EA-EF9886F48811}.Release|Any CPU.ActiveCfg = Release|Any CPU
		{49DA62AB-0CED-4EBA-85EA-EF9886F48811}.Release|Any CPU.Build.0 = Release|Any CPU
	EndGlobalSection
	GlobalSection(SolutionProperties) = preSolution
		HideSolutionNode = FALSE
	EndGlobalSection
	GlobalSection(NestedProjects) = preSolution
		{49DA62AB-0CED-4EBA-85EA-EF9886F48811} = {1D37FB1B-7D2E-4CD0-9D4C-85992F02A060}
	EndGlobalSection
	GlobalSection(ExtensibilityGlobals) = postSolution
		SolutionGuid = {2A6C7614-23A4-4C0C-BB7B-D7FEC455C44A}
	EndGlobalSection
EndGlobal
