
Microsoft Visual Studio Solution File, Format Version 12.00
# Visual Studio Version 17
VisualStudioVersion = 17.9.34310.174
MinimumVisualStudioVersion = 10.0.40219.1
Project("{2150E333-8FDC-42A3-9474-1A3956D46DE8}") = "Core", "Core", "{1D37FB1B-7D2E-4CD0-9D4C-85992F02A060}"
EndProject
Project("{9A19103F-16F7-4668-BE54-9A1E7A4F7556}") = "UdemyCarBook.Domain", "Core\UdemyCarBook.Domain\UdemyCarBook.Domain.csproj", "{49DA62AB-0CED-4EBA-85EA-EF9886F48811}"
EndProject
Project("{2150E333-8FDC-42A3-9474-1A3956D46DE8}") = "Infrastructure", "Infrastructure", "{33A0A432-AD7B-47FE-A6E5-F2FF91A204A6}"
EndProject
Project("{9A19103F-16F7-4668-BE54-9A1E7A4F7556}") = "UdemyCarBook.Persistence", "Infrastructure\UdemyCarBook.Persistence\UdemyCarBook.Persistence.csproj", "{A4214616-9B85-4370-B258-C582813FCD3F}"
EndProject
Project("{2150E333-8FDC-42A3-9474-1A3956D46DE8}") = "Presentation", "Presentation", "{1D3F5C82-219A-4B4A-A80F-56E0ABC48861}"
EndProject
Project("{9A19103F-16F7-4668-BE54-9A1E7A4F7556}") = "UdemyCarBook.WebApi", "Presentation\UdemyCarBook.WebApi\UdemyCarBook.WebApi.csproj", "{CF0DBDC8-4012-42E1-AACE-D7612E4D8CF7}"
EndProject
Project("{9A19103F-16F7-4668-BE54-9A1E7A4F7556}") = "UdemyCarBook.Application", "Core\UdemyCarBook.Application\UdemyCarBook.Application.csproj", "{CF92B01D-3655-44D0-BB1F-B926CA4EB388}"
EndProject
Project("{2150E333-8FDC-42A3-9474-1A3956D46DE8}") = "Frontends", "Frontends", "{4E295522-B24C-4568-A267-F66403DECA3C}"
EndProject
Project("{FAE04EC0-301F-11D3-BF4B-00C04F79EFBC}") = "UdemyCarBook.WebUI", "Frontends\UdemyCarBook.WebUI\UdemyCarBook.WebUI.csproj", "{57C0DC20-F01A-4550-8B33-E0BD41436D94}"
EndProject
Global
	GlobalSection(SolutionConfigurationPlatforms) = preSolution
		Debug|Any CPU = Debug|Any CPU
		Release|Any CPU = Release|Any CPU
	EndGlobalSection
	GlobalSection(ProjectConfigurationPlatforms) = postSolution
		{49DA62AB-0CED-4EBA-85EA-EF9886F48811}.Debug|Any CPU.ActiveCfg = Debug|Any CPU
		{49DA62AB-0CED-4EBA-85EA-EF9886F48811}.Debug|Any CPU.Build.0 = Debug|Any CPU
		{49DA62AB-0CED-4EBA-85EA-EF9886F48811}.Release|Any CPU.ActiveCfg = Release|Any CPU
		{49DA62AB-0CED-4EBA-85EA-EF9886F48811}.Release|Any CPU.Build.0 = Release|Any CPU
		{A4214616-9B85-4370-B258-C582813FCD3F}.Debug|Any CPU.ActiveCfg = Debug|Any CPU
		{A4214616-9B85-4370-B258-C582813FCD3F}.Debug|Any CPU.Build.0 = Debug|Any CPU
		{A4214616-9B85-4370-B258-C582813FCD3F}.Release|Any CPU.ActiveCfg = Release|Any CPU
		{A4214616-9B85-4370-B258-C582813FCD3F}.Release|Any CPU.Build.0 = Release|Any CPU
		{CF0DBDC8-4012-42E1-AACE-D7612E4D8CF7}.Debug|Any CPU.ActiveCfg = Debug|Any CPU
		{CF0DBDC8-4012-42E1-AACE-D7612E4D8CF7}.Debug|Any CPU.Build.0 = Debug|Any CPU
		{CF0DBDC8-4012-42E1-AACE-D7612E4D8CF7}.Release|Any CPU.ActiveCfg = Release|Any CPU
		{CF0DBDC8-4012-42E1-AACE-D7612E4D8CF7}.Release|Any CPU.Build.0 = Release|Any CPU
		{CF92B01D-3655-44D0-BB1F-B926CA4EB388}.Debug|Any CPU.ActiveCfg = Debug|Any CPU
		{CF92B01D-3655-44D0-BB1F-B926CA4EB388}.Debug|Any CPU.Build.0 = Debug|Any CPU
		{CF92B01D-3655-44D0-BB1F-B926CA4EB388}.Release|Any CPU.ActiveCfg = Release|Any CPU
		{CF92B01D-3655-44D0-BB1F-B926CA4EB388}.Release|Any CPU.Build.0 = Release|Any CPU
		{57C0DC20-F01A-4550-8B33-E0BD41436D94}.Debug|Any CPU.ActiveCfg = Debug|Any CPU
		{57C0DC20-F01A-4550-8B33-E0BD41436D94}.Debug|Any CPU.Build.0 = Debug|Any CPU
		{57C0DC20-F01A-4550-8B33-E0BD41436D94}.Release|Any CPU.ActiveCfg = Release|Any CPU
		{57C0DC20-F01A-4550-8B33-E0BD41436D94}.Release|Any CPU.Build.0 = Release|Any CPU
	EndGlobalSection
	GlobalSection(SolutionProperties) = preSolution
		HideSolutionNode = FALSE
	EndGlobalSection
	GlobalSection(NestedProjects) = preSolution
		{49DA62AB-0CED-4EBA-85EA-EF9886F48811} = {1D37FB1B-7D2E-4CD0-9D4C-85992F02A060}
		{A4214616-9B85-4370-B258-C582813FCD3F} = {33A0A432-AD7B-47FE-A6E5-F2FF91A204A6}
		{CF0DBDC8-4012-42E1-AACE-D7612E4D8CF7} = {1D3F5C82-219A-4B4A-A80F-56E0ABC48861}
		{CF92B01D-3655-44D0-BB1F-B926CA4EB388} = {1D37FB1B-7D2E-4CD0-9D4C-85992F02A060}
		{57C0DC20-F01A-4550-8B33-E0BD41436D94} = {4E295522-B24C-4568-A267-F66403DECA3C}
	EndGlobalSection
	GlobalSection(ExtensibilityGlobals) = postSolution
		SolutionGuid = {2A6C7614-23A4-4C0C-BB7B-D7FEC455C44A}
	EndGlobalSection
EndGlobal
